
Microsoft Visual Studio Solution File, Format Version 12.00
# Visual Studio Version 17
VisualStudioVersion = 17.3.32901.215
MinimumVisualStudioVersion = 10.0.40219.1
Project("{9A19103F-16F7-4668-BE54-9A1E7A4F7556}") = "Fluff.Demo.Receiver", "Fluff.Demo.Receiver\Fluff.Demo.Receiver.csproj", "{951CFB1A-C3A0-4B7B-A3EF-3540660E3478}"
EndProject
Project("{9A19103F-16F7-4668-BE54-9A1E7A4F7556}") = "Fluff.Demo.Models", "Fluff.Demo.Models\Fluff.Demo.Models.csproj", "{B3DCDBA7-91B4-4147-9F7B-4E167D40754E}"
EndProject
Project("{9A19103F-16F7-4668-BE54-9A1E7A4F7556}") = "Fluff.Demo.Sender", "Fluff.Demo.Sender\Fluff.Demo.Sender.csproj", "{8D27B950-7948-49E7-946F-C0EB1925F0EA}"
EndProject
Global
	GlobalSection(SolutionConfigurationPlatforms) = preSolution
		Debug|Any CPU = Debug|Any CPU
		Release|Any CPU = Release|Any CPU
	EndGlobalSection
	GlobalSection(ProjectConfigurationPlatforms) = postSolution
		{951CFB1A-C3A0-4B7B-A3EF-3540660E3478}.Debug|Any CPU.ActiveCfg = Debug|Any CPU
		{951CFB1A-C3A0-4B7B-A3EF-3540660E3478}.Debug|Any CPU.Build.0 = Debug|Any CPU
		{951CFB1A-C3A0-4B7B-A3EF-3540660E3478}.Release|Any CPU.ActiveCfg = Release|Any CPU
		{951CFB1A-C3A0-4B7B-A3EF-3540660E3478}.Release|Any CPU.Build.0 = Release|Any CPU
		{B3DCDBA7-91B4-4147-9F7B-4E167D40754E}.Debug|Any CPU.ActiveCfg = Debug|Any CPU
		{B3DCDBA7-91B4-4147-9F7B-4E167D40754E}.Debug|Any CPU.Build.0 = Debug|Any CPU
		{B3DCDBA7-91B4-4147-9F7B-4E167D40754E}.Release|Any CPU.ActiveCfg = Release|Any CPU
		{B3DCDBA7-91B4-4147-9F7B-4E167D40754E}.Release|Any CPU.Build.0 = Release|Any CPU
		{8D27B950-7948-49E7-946F-C0EB1925F0EA}.Debug|Any CPU.ActiveCfg = Debug|Any CPU
		{8D27B950-7948-49E7-946F-C0EB1925F0EA}.Debug|Any CPU.Build.0 = Debug|Any CPU
		{8D27B950-7948-49E7-946F-C0EB1925F0EA}.Release|Any CPU.ActiveCfg = Release|Any CPU
		{8D27B950-7948-49E7-946F-C0EB1925F0EA}.Release|Any CPU.Build.0 = Release|Any CPU
	EndGlobalSection
	GlobalSection(SolutionProperties) = preSolution
		HideSolutionNode = FALSE
	EndGlobalSection
	GlobalSection(ExtensibilityGlobals) = postSolution
		SolutionGuid = {D083937E-3D18-4247-8449-E542D1800265}
	EndGlobalSection
EndGlobal
